github.com/CodeYourFuture/curriculum/common-theme v0.0.0-20240424073850-0d22b2d83d60 h1:0RxKrWERKxpNkLL8Uecn+gpGmf5MXHDPZuaV8YjdbgA=
github.com/CodeYourFuture/curriculum/common-theme v0.0.0-20240424073850-0d22b2d83d60/go.mod h1:kzt+J4JYp5C3GD1dX0rf7vY5fsTUc6Drrn+7p7pjmLg=
github.com/CodeYourFuture/curriculum/common-theme v0.0.0-20240508121908-014621814ee3 h1:6W3kWnpl13pu7IwiD8pUtkPnYaOP7FjAahPidUt0Vm4=
github.com/CodeYourFuture/curriculum/common-theme v0.0.0-20240508121908-014621814ee3/go.mod h1:kzt+J4JYp5C3GD1dX0rf7vY5fsTUc6Drrn+7p7pjmLg=
github.com/CodeYourFuture/curriculum/common-theme v0.0.0-20240521184130-68870fef9c73 h1:g6TqJIjnmOR9bHIoi9dzRbK46Rx2f7XQMqUk99HMgjE=
github.com/CodeYourFuture/curriculum/common-theme v0.0.0-20240521184130-68870fef9c73/go.mod h1:kzt+J4JYp5C3GD1dX0rf7vY5fsTUc6Drrn+7p7pjmLg=
